
Microsoft Visual Studio Solution File, Format Version 12.00
# Visual Studio Version 17
VisualStudioVersion = 17.0.31903.59
MinimumVisualStudioVersion = 10.0.40219.1
Project("{FAE04EC0-301F-11D3-BF4B-00C04F79EFBC}") = "Clamor.Core", "Clamor.Core\Clamor.Core.csproj", "{DB47482C-4C74-4830-8A6A-D515EEA89749}"
EndProject
Project("{FAE04EC0-301F-11D3-BF4B-00C04F79EFBC}") = "Clamor.Audio", "Clamor.Audio\Clamor.Audio.csproj", "{7F8A0E12-9D8A-4A97-A689-B3F363573051}"
EndProject
Project("{FAE04EC0-301F-11D3-BF4B-00C04F79EFBC}") = "Clamor.Hotkeys", "Clamor.Hotkeys\Clamor.Hotkeys.csproj", "{E7E22246-4089-4211-83BB-AEDC69BA468A}"
EndProject
Project("{FAE04EC0-301F-11D3-BF4B-00C04F79EFBC}") = "Clamor.App", "Clamor.App\Clamor.App.csproj", "{BCBCE6C3-4224-4C58-84C7-197BDB02B8C1}"
EndProject
Project("{FAE04EC0-301F-11D3-BF4B-00C04F79EFBC}") = "Clamor.Tests", "Clamor.Tests\Clamor.Tests.csproj", "{FD99376B-E707-4278-835C-CC8573C13608}"
EndProject
Global
	GlobalSection(SolutionConfigurationPlatforms) = preSolution
		Debug|Any CPU = Debug|Any CPU
		Release|Any CPU = Release|Any CPU
	EndGlobalSection
	GlobalSection(ProjectConfigurationPlatforms) = postSolution
		{DB47482C-4C74-4830-8A6A-D515EEA89749}.Debug|Any CPU.ActiveCfg = Debug|Any CPU
		{DB47482C-4C74-4830-8A6A-D515EEA89749}.Debug|Any CPU.Build.0 = Debug|Any CPU
		{DB47482C-4C74-4830-8A6A-D515EEA89749}.Release|Any CPU.ActiveCfg = Release|Any CPU
		{DB47482C-4C74-4830-8A6A-D515EEA89749}.Release|Any CPU.Build.0 = Release|Any CPU
		{7F8A0E12-9D8A-4A97-A689-B3F363573051}.Debug|Any CPU.ActiveCfg = Debug|Any CPU
		{7F8A0E12-9D8A-4A97-A689-B3F363573051}.Debug|Any CPU.Build.0 = Debug|Any CPU
		{7F8A0E12-9D8A-4A97-A689-B3F363573051}.Release|Any CPU.ActiveCfg = Release|Any CPU
		{7F8A0E12-9D8A-4A97-A689-B3F363573051}.Release|Any CPU.Build.0 = Release|Any CPU
		{E7E22246-4089-4211-83BB-AEDC69BA468A}.Debug|Any CPU.ActiveCfg = Debug|Any CPU
		{E7E22246-4089-4211-83BB-AEDC69BA468A}.Debug|Any CPU.Build.0 = Debug|Any CPU
		{E7E22246-4089-4211-83BB-AEDC69BA468A}.Release|Any CPU.ActiveCfg = Release|Any CPU
		{E7E22246-4089-4211-83BB-AEDC69BA468A}.Release|Any CPU.Build.0 = Release|Any CPU
		{BCBCE6C3-4224-4C58-84C7-197BDB02B8C1}.Debug|Any CPU.ActiveCfg = Debug|Any CPU
		{BCBCE6C3-4224-4C58-84C7-197BDB02B8C1}.Debug|Any CPU.Build.0 = Debug|Any CPU
		{BCBCE6C3-4224-4C58-84C7-197BDB02B8C1}.Release|Any CPU.ActiveCfg = Release|Any CPU
		{BCBCE6C3-4224-4C58-84C7-197BDB02B8C1}.Release|Any CPU.Build.0 = Release|Any CPU
		{FD99376B-E707-4278-835C-CC8573C13608}.Debug|Any CPU.ActiveCfg = Debug|Any CPU
		{FD99376B-E707-4278-835C-CC8573C13608}.Debug|Any CPU.Build.0 = Debug|Any CPU
		{FD99376B-E707-4278-835C-CC8573C13608}.Release|Any CPU.ActiveCfg = Release|Any CPU
		{FD99376B-E707-4278-835C-CC8573C13608}.Release|Any CPU.Build.0 = Release|Any CPU
	EndGlobalSection
	GlobalSection(SolutionProperties) = preSolution
		HideSolutionNode = FALSE
	EndGlobalSection
EndGlobal
